
Microsoft Visual Studio Solution File, Format Version 12.00
# Visual Studio Version 17
VisualStudioVersion = 17.7.34003.232
MinimumVisualStudioVersion = 10.0.40219.1
Project("{FAE04EC0-301F-11D3-BF4B-00C04F79EFBC}") = "Conditionals_BarnettLandon", "Conditionals_BarnettLandon\Conditionals_BarnettLandon.csproj", "{4CD916C5-6B62-4B0D-9C93-6D2BC5B6F279}"
EndProject
Global
	GlobalSection(SolutionConfigurationPlatforms) = preSolution
		Debug|Any CPU = Debug|Any CPU
		Release|Any CPU = Release|Any CPU
	EndGlobalSection
	GlobalSection(ProjectConfigurationPlatforms) = postSolution
		{4CD916C5-6B62-4B0D-9C93-6D2BC5B6F279}.Debug|Any CPU.ActiveCfg = Debug|Any CPU
		{4CD916C5-6B62-4B0D-9C93-6D2BC5B6F279}.Debug|Any CPU.Build.0 = Debug|Any CPU
		{4CD916C5-6B62-4B0D-9C93-6D2BC5B6F279}.Release|Any CPU.ActiveCfg = Release|Any CPU
		{4CD916C5-6B62-4B0D-9C93-6D2BC5B6F279}.Release|Any CPU.Build.0 = Release|Any CPU
	EndGlobalSection
	GlobalSection(SolutionProperties) = preSolution
		HideSolutionNode = FALSE
	EndGlobalSection
	GlobalSection(ExtensibilityGlobals) = postSolution
		SolutionGuid = {D4D413F4-7BC6-4EDE-8BD4-ABB840F53DDD}
	EndGlobalSection
EndGlobal
